<?xml version="1.0" encoding="utf-8"?>
<Project ToolsVersion="4.0" xmlns="http://schemas.microsoft.com/developer/msbuild/2003">
  <ItemGroup>
    <Filter Include="Archivos de origen">
      <UniqueIdentifier>{4FC737F1-C7A5-4376-A066-2A32D752A2FF}</UniqueIdentifier>
      <Extensions>cpp;c;cc;cxx;def;odl;idl;hpj;bat;asm;asmx</Extensions>
    </Filter>
    <Filter Include="Archivos de encabezado">
      <UniqueIdentifier>{93995380-89BD-4b04-88EB-625FBE52EBFB}</UniqueIdentifier>
      <Extensions>h;hh;hpp;hxx;hm;inl;inc;ipp;xsd</Extensions>
    </Filter>
    <Filter Include="Archivos de recursos">
      <UniqueIdentifier>{67DA6AB6-F800-4c08-8B7A-83BB121AAD01}</UniqueIdentifier>
      <Extensions>rc;ico;cur;bmp;dlg;rc2;rct;bin;rgs;gif;jpg;jpeg;jpe;resx;tiff;tif;png;wav;mfcribbon-ms</Extensions>
    </Filter>
    <Filter Include="Archivos de encabezado\Engine">
      <UniqueIdentifier>{7804258f-5b48-4125-9bd5-5e897aec6a44}</UniqueIdentifier>
    </Filter>
    <Filter Include="Archivos de encabezado\Engine\Rendering">
      <UniqueIdentifier>{6e1240e2-7473-4ba5-86f5-a4d40ecafcfc}</UniqueIdentifier>
    </Filter>
    <Filter Include="Archivos de origen\Engine">
      <UniqueIdentifier>{8074f622-3589-4187-8c79-b65fb4b1250d}</UniqueIdentifier>
    </Filter>
    <Filter Include="Archivos de origen\Engine\Rendering">
      <UniqueIdentifier>{18eceede-0a3c-4983-b39f-308db8eef077}</UniqueIdentifier>
    </Filter>
    <Filter Include="Archivos de encabezado\Engine\Core">
      <UniqueIdentifier>{c135dbfe-1651-4f4e-af9a-8764c6cfa7a0}</UniqueIdentifier>
    </Filter>
    <Filter Include="Archivos de origen\Engine\Core">
      <UniqueIdentifier>{7b213300-02a6-49e6-bd2e-0f68dcc2bc70}</UniqueIdentifier>
    </Filter>
    <Filter Include="Archivos de encabezado\Engine\Gameplay">
      <UniqueIdentifier>{8834163d-f183-4251-a536-7aadb1fd9226}</UniqueIdentifier>
    </Filter>
    <Filter Include="Archivos de origen\Engine\Gameplay">
      <UniqueIdentifier>{d7c47fae-ed8c-4537-b5fd-965512246048}</UniqueIdentifier>
    </Filter>
    <Filter Include="Archivos de origen\Engine\Debug">
      <UniqueIdentifier>{de57dcf9-0d0b-4a5c-b9fe-0b8f03f8ea9d}</UniqueIdentifier>
    </Filter>
    <Filter Include="Archivos de encabezado\Engine\Debug">
      <UniqueIdentifier>{e253bf44-183d-4248-ac53-5cee667dd165}</UniqueIdentifier>
    </Filter>
  </ItemGroup>
  <ItemGroup>
    <ClCompile Include="main.cpp">
      <Filter>Archivos de origen</Filter>
    </ClCompile>
    <ClCompile Include="Code\Engine\Rendering\Camera.cpp">
      <Filter>Archivos de origen\Engine\Rendering</Filter>
    </ClCompile>
    <ClCompile Include="Code\Engine\Rendering\LightRenderer.cpp">
      <Filter>Archivos de origen\Engine\Rendering</Filter>
    </ClCompile>
    <ClCompile Include="Code\Engine\Rendering\Mesh.cpp">
      <Filter>Archivos de origen\Engine\Rendering</Filter>
    </ClCompile>
    <ClCompile Include="Code\Engine\Rendering\MeshRenderer.cpp">
      <Filter>Archivos de origen\Engine\Rendering</Filter>
    </ClCompile>
    <ClCompile Include="Code\Engine\Rendering\ObjLoader.cpp">
      <Filter>Archivos de origen\Engine\Rendering</Filter>
    </ClCompile>
    <ClCompile Include="Code\Engine\Rendering\RenderEngine.cpp">
      <Filter>Archivos de origen\Engine\Rendering</Filter>
    </ClCompile>
    <ClCompile Include="Code\Engine\Rendering\ShaderLoader.cpp">
      <Filter>Archivos de origen\Engine\Rendering</Filter>
    </ClCompile>
    <ClCompile Include="Code\Engine\Rendering\SpriteRenderer.cpp">
      <Filter>Archivos de origen\Engine\Rendering</Filter>
    </ClCompile>
    <ClCompile Include="Code\Engine\Rendering\TextureLoader.cpp">
      <Filter>Archivos de origen\Engine\Rendering</Filter>
    </ClCompile>
    <ClCompile Include="Code\Engine\Core\Component.cpp">
      <Filter>Archivos de origen\Engine\Core</Filter>
    </ClCompile>
    <ClCompile Include="Code\Engine\Core\GameObject.cpp">
      <Filter>Archivos de origen\Engine\Core</Filter>
    </ClCompile>
    <ClCompile Include="Code\Engine\Core\Transform.cpp">
      <Filter>Archivos de origen\Engine\Core</Filter>
    </ClCompile>
    <ClCompile Include="Code\Engine\Rendering\SpriteLayer.cpp">
      <Filter>Archivos de origen\Engine\Rendering</Filter>
    </ClCompile>
    <ClCompile Include="Code\Engine\Gameplay\GameplayEngine.cpp">
      <Filter>Archivos de origen\Engine\Gameplay</Filter>
    </ClCompile>
    <ClCompile Include="Code\Engine\Debug\Debug.cpp">
      <Filter>Archivos de origen\Engine\Debug</Filter>
    </ClCompile>
  </ItemGroup>
  <ItemGroup>
    <ClInclude Include="Code\Engine\Rendering\Camera.h">
      <Filter>Archivos de encabezado\Engine\Rendering</Filter>
    </ClInclude>
    <ClInclude Include="Code\Engine\Rendering\LightRenderer.h">
      <Filter>Archivos de encabezado\Engine\Rendering</Filter>
    </ClInclude>
    <ClInclude Include="Code\Engine\Rendering\Mesh.h">
      <Filter>Archivos de encabezado\Engine\Rendering</Filter>
    </ClInclude>
    <ClInclude Include="Code\Engine\Rendering\MeshRenderer.h">
      <Filter>Archivos de encabezado\Engine\Rendering</Filter>
    </ClInclude>
    <ClInclude Include="Code\Engine\Rendering\ObjLoader.h">
      <Filter>Archivos de encabezado\Engine\Rendering</Filter>
    </ClInclude>
    <ClInclude Include="Code\Engine\Rendering\RenderEngine.h">
      <Filter>Archivos de encabezado\Engine\Rendering</Filter>
    </ClInclude>
    <ClInclude Include="Code\Engine\Rendering\ShaderLoader.h">
      <Filter>Archivos de encabezado\Engine\Rendering</Filter>
    </ClInclude>
    <ClInclude Include="Code\Engine\Rendering\SpriteRenderer.h">
      <Filter>Archivos de encabezado\Engine\Rendering</Filter>
    </ClInclude>
    <ClInclude Include="Code\Engine\Rendering\TextureLoader.h">
      <Filter>Archivos de encabezado\Engine\Rendering</Filter>
    </ClInclude>
    <ClInclude Include="Code\Engine\Core\Component.h">
      <Filter>Archivos de encabezado\Engine\Core</Filter>
    </ClInclude>
    <ClInclude Include="Code\Engine\Core\GameObject.h">
      <Filter>Archivos de encabezado\Engine\Core</Filter>
    </ClInclude>
    <ClInclude Include="Code\Engine\Core\Transform.h">
      <Filter>Archivos de encabezado\Engine\Core</Filter>
    </ClInclude>
    <ClInclude Include="Code\Engine\Rendering\SpriteLayer.h">
      <Filter>Archivos de encabezado\Engine\Rendering</Filter>
    </ClInclude>
    <ClInclude Include="Code\Engine\Gameplay\GameplayEngine.h">
      <Filter>Archivos de encabezado\Engine\Gameplay</Filter>
    </ClInclude>
    <ClInclude Include="Code\Engine\Debug\Debug.h">
      <Filter>Archivos de encabezado\Engine\Debug</Filter>
    </ClInclude>
  </ItemGroup>
</Project>